
Microsoft Visual Studio Solution File, Format Version 12.00
# Visual Studio Version 17
VisualStudioVersion = 17.0.31717.71
MinimumVisualStudioVersion = 10.0.40219.1
Project("{9A19103F-16F7-4668-BE54-9A1E7A4F7556}") = "Bob", "Bob.csproj", "{669AFA82-3D0D-421F-904D-03497EF73E89}"
EndProject
Global
	GlobalSection(SolutionConfigurationPlatforms) = preSolution
		Debug|Any CPU = Debug|Any CPU
		Release|Any CPU = Release|Any CPU
	EndGlobalSection
	GlobalSection(ProjectConfigurationPlatforms) = postSolution
		{669AFA82-3D0D-421F-904D-03497EF73E89}.Debug|Any CPU.ActiveCfg = Debug|Any CPU
		{669AFA82-3D0D-421F-904D-03497EF73E89}.Debug|Any CPU.Build.0 = Debug|Any CPU
		{669AFA82-3D0D-421F-904D-03497EF73E89}.Release|Any CPU.ActiveCfg = Release|Any CPU
		{669AFA82-3D0D-421F-904D-03497EF73E89}.Release|Any CPU.Build.0 = Release|Any CPU
	EndGlobalSection
	GlobalSection(SolutionProperties) = preSolution
		HideSolutionNode = FALSE
	EndGlobalSection
	GlobalSection(ExtensibilityGlobals) = postSolution
		SolutionGuid = {78C9E113-1CF9-47FE-9031-6553FE9F8F32}
	EndGlobalSection
EndGlobal
