
Microsoft Visual Studio Solution File, Format Version 12.00
# Visual Studio Version 17
VisualStudioVersion = 17.0.31717.71
MinimumVisualStudioVersion = 10.0.40219.1
Project("{9A19103F-16F7-4668-BE54-9A1E7A4F7556}") = "LuciansLusciousLasagna", "LuciansLusciousLasagna.csproj", "{72532CD9-99BD-4E96-9D3B-933100699E8E}"
EndProject
Global
	GlobalSection(SolutionConfigurationPlatforms) = preSolution
		Debug|Any CPU = Debug|Any CPU
		Release|Any CPU = Release|Any CPU
	EndGlobalSection
	GlobalSection(ProjectConfigurationPlatforms) = postSolution
		{72532CD9-99BD-4E96-9D3B-933100699E8E}.Debug|Any CPU.ActiveCfg = Debug|Any CPU
		{72532CD9-99BD-4E96-9D3B-933100699E8E}.Debug|Any CPU.Build.0 = Debug|Any CPU
		{72532CD9-99BD-4E96-9D3B-933100699E8E}.Release|Any CPU.ActiveCfg = Release|Any CPU
		{72532CD9-99BD-4E96-9D3B-933100699E8E}.Release|Any CPU.Build.0 = Release|Any CPU
	EndGlobalSection
	GlobalSection(SolutionProperties) = preSolution
		HideSolutionNode = FALSE
	EndGlobalSection
	GlobalSection(ExtensibilityGlobals) = postSolution
		SolutionGuid = {7C10BFD1-A7F3-4A90-BEBF-3C2C1B37B3B7}
	EndGlobalSection
EndGlobal
