
Microsoft Visual Studio Solution File, Format Version 12.00
# Visual Studio Version 17
VisualStudioVersion = 17.0.31717.71
MinimumVisualStudioVersion = 10.0.40219.1
Project("{9A19103F-16F7-4668-BE54-9A1E7A4F7556}") = "BirdWatcher", "BirdWatcher.csproj", "{2B9A3CB9-E27B-48D0-B366-B33B1CC256C8}"
EndProject
Global
	GlobalSection(SolutionConfigurationPlatforms) = preSolution
		Debug|Any CPU = Debug|Any CPU
		Release|Any CPU = Release|Any CPU
	EndGlobalSection
	GlobalSection(ProjectConfigurationPlatforms) = postSolution
		{2B9A3CB9-E27B-48D0-B366-B33B1CC256C8}.Debug|Any CPU.ActiveCfg = Debug|Any CPU
		{2B9A3CB9-E27B-48D0-B366-B33B1CC256C8}.Debug|Any CPU.Build.0 = Debug|Any CPU
		{2B9A3CB9-E27B-48D0-B366-B33B1CC256C8}.Release|Any CPU.ActiveCfg = Release|Any CPU
		{2B9A3CB9-E27B-48D0-B366-B33B1CC256C8}.Release|Any CPU.Build.0 = Release|Any CPU
	EndGlobalSection
	GlobalSection(SolutionProperties) = preSolution
		HideSolutionNode = FALSE
	EndGlobalSection
	GlobalSection(ExtensibilityGlobals) = postSolution
		SolutionGuid = {217BEF33-8D9E-47C5-99D9-399B4489DCD5}
	EndGlobalSection
EndGlobal
